
Microsoft Visual Studio Solution File, Format Version 12.00
# Visual Studio Version 17
VisualStudioVersion = 17.7.34024.191
MinimumVisualStudioVersion = 10.0.40219.1
Project("{FAE04EC0-301F-11D3-BF4B-00C04F79EFBC}") = "FilmeApi", "FilmeApi.csproj", "{C51665C7-E166-439D-91FB-9080945D1CAE}"
EndProject
Global
	GlobalSection(SolutionConfigurationPlatforms) = preSolution
		Debug|Any CPU = Debug|Any CPU
		Release|Any CPU = Release|Any CPU
	EndGlobalSection
	GlobalSection(ProjectConfigurationPlatforms) = postSolution
		{C51665C7-E166-439D-91FB-9080945D1CAE}.Debug|Any CPU.ActiveCfg = Debug|Any CPU
		{C51665C7-E166-439D-91FB-9080945D1CAE}.Debug|Any CPU.Build.0 = Debug|Any CPU
		{C51665C7-E166-439D-91FB-9080945D1CAE}.Release|Any CPU.ActiveCfg = Release|Any CPU
		{C51665C7-E166-439D-91FB-9080945D1CAE}.Release|Any CPU.Build.0 = Release|Any CPU
	EndGlobalSection
	GlobalSection(SolutionProperties) = preSolution
		HideSolutionNode = FALSE
	EndGlobalSection
	GlobalSection(ExtensibilityGlobals) = postSolution
		SolutionGuid = {322617DC-1DF3-4FC7-81FF-B4B81A97A2CD}
	EndGlobalSection
EndGlobal
